
Microsoft Visual Studio Solution File, Format Version 12.00
# Visual Studio 15
VisualStudioVersion = 15.0.27130.2026
MinimumVisualStudioVersion = 10.0.40219.1
Project("{FAE04EC0-301F-11D3-BF4B-00C04F79EFBC}") = "PackageMigrationTester", "PackageMigrationTester\PackageMigrationTester.csproj", "{028F1263-3AEE-4B5B-9155-019DB7C6CAFF}"
EndProject
Global
	GlobalSection(SolutionConfigurationPlatforms) = preSolution
		Debug|Any CPU = Debug|Any CPU
		Release|Any CPU = Release|Any CPU
		testv8.local|Any CPU = testv8.local|Any CPU
		umbracov7|Any CPU = umbracov7|Any CPU
	EndGlobalSection
	GlobalSection(ProjectConfigurationPlatforms) = postSolution
		{028F1263-3AEE-4B5B-9155-019DB7C6CAFF}.Debug|Any CPU.ActiveCfg = Debug|Any CPU
		{028F1263-3AEE-4B5B-9155-019DB7C6CAFF}.Debug|Any CPU.Build.0 = Debug|Any CPU
		{028F1263-3AEE-4B5B-9155-019DB7C6CAFF}.Release|Any CPU.ActiveCfg = Release|Any CPU
		{028F1263-3AEE-4B5B-9155-019DB7C6CAFF}.Release|Any CPU.Build.0 = Release|Any CPU
		{028F1263-3AEE-4B5B-9155-019DB7C6CAFF}.testv8.local|Any CPU.ActiveCfg = testv8.local|Any CPU
		{028F1263-3AEE-4B5B-9155-019DB7C6CAFF}.testv8.local|Any CPU.Build.0 = testv8.local|Any CPU
		{028F1263-3AEE-4B5B-9155-019DB7C6CAFF}.umbracov7|Any CPU.ActiveCfg = umbracov7|Any CPU
		{028F1263-3AEE-4B5B-9155-019DB7C6CAFF}.umbracov7|Any CPU.Build.0 = umbracov7|Any CPU
	EndGlobalSection
	GlobalSection(SolutionProperties) = preSolution
		HideSolutionNode = FALSE
	EndGlobalSection
	GlobalSection(ExtensibilityGlobals) = postSolution
		SolutionGuid = {6E3C93F5-0AEB-4FC2-9409-1E292655F6D3}
	EndGlobalSection
EndGlobal
